
Microsoft Visual Studio Solution File, Format Version 12.00
# Visual Studio Version 16
VisualStudioVersion = 16.0.30907.101
MinimumVisualStudioVersion = 10.0.40219.1
Project("{9A19103F-16F7-4668-BE54-9A1E7A4F7556}") = "AnimalHotelSystem.Model", "AnimalHotelSystem.Model\AnimalHotelSystem.Model.csproj", "{EA14FEFD-833B-42E3-BC87-029F875792D2}"
EndProject
Project("{9A19103F-16F7-4668-BE54-9A1E7A4F7556}") = "AnimalHotelSystem.RepositoryInterface", "AnimalHotelSystem.RepositoryInterface\AnimalHotelSystem.RepositoryInterface.csproj", "{60ED17F2-BECD-4417-8F89-DBBA96543360}"
EndProject
Project("{FAE04EC0-301F-11D3-BF4B-00C04F79EFBC}") = "AnimalHotelSystem.Application", "AnimalHotelSystem.Application\AnimalHotelSystem.Application.csproj", "{3339BA07-1A4C-4BDE-8B8A-D393C3E32900}"
EndProject
Project("{9A19103F-16F7-4668-BE54-9A1E7A4F7556}") = "AnimalHotelSystem.Database.Repository", "AnimalHotelSystem.Database.Repository\AnimalHotelSystem.Database.Repository.csproj", "{D285A639-198C-4046-8196-253C1EFE595D}"
EndProject
Project("{FAE04EC0-301F-11D3-BF4B-00C04F79EFBC}") = "AnimalHotelSystem.Test", "AnimalHotelSystem.Test\AnimalHotelSystem.Test.csproj", "{B1712B21-9706-4ED7-909A-AACE0DE74DD8}"
EndProject
Global
	GlobalSection(SolutionConfigurationPlatforms) = preSolution
		Debug|Any CPU = Debug|Any CPU
		Release|Any CPU = Release|Any CPU
	EndGlobalSection
	GlobalSection(ProjectConfigurationPlatforms) = postSolution
		{EA14FEFD-833B-42E3-BC87-029F875792D2}.Debug|Any CPU.ActiveCfg = Debug|Any CPU
		{EA14FEFD-833B-42E3-BC87-029F875792D2}.Debug|Any CPU.Build.0 = Debug|Any CPU
		{EA14FEFD-833B-42E3-BC87-029F875792D2}.Release|Any CPU.ActiveCfg = Release|Any CPU
		{EA14FEFD-833B-42E3-BC87-029F875792D2}.Release|Any CPU.Build.0 = Release|Any CPU
		{60ED17F2-BECD-4417-8F89-DBBA96543360}.Debug|Any CPU.ActiveCfg = Debug|Any CPU
		{60ED17F2-BECD-4417-8F89-DBBA96543360}.Debug|Any CPU.Build.0 = Debug|Any CPU
		{60ED17F2-BECD-4417-8F89-DBBA96543360}.Release|Any CPU.ActiveCfg = Release|Any CPU
		{60ED17F2-BECD-4417-8F89-DBBA96543360}.Release|Any CPU.Build.0 = Release|Any CPU
		{3339BA07-1A4C-4BDE-8B8A-D393C3E32900}.Debug|Any CPU.ActiveCfg = Debug|Any CPU
		{3339BA07-1A4C-4BDE-8B8A-D393C3E32900}.Debug|Any CPU.Build.0 = Debug|Any CPU
		{3339BA07-1A4C-4BDE-8B8A-D393C3E32900}.Release|Any CPU.ActiveCfg = Release|Any CPU
		{3339BA07-1A4C-4BDE-8B8A-D393C3E32900}.Release|Any CPU.Build.0 = Release|Any CPU
		{D285A639-198C-4046-8196-253C1EFE595D}.Debug|Any CPU.ActiveCfg = Debug|Any CPU
		{D285A639-198C-4046-8196-253C1EFE595D}.Debug|Any CPU.Build.0 = Debug|Any CPU
		{D285A639-198C-4046-8196-253C1EFE595D}.Release|Any CPU.ActiveCfg = Release|Any CPU
		{D285A639-198C-4046-8196-253C1EFE595D}.Release|Any CPU.Build.0 = Release|Any CPU
		{B1712B21-9706-4ED7-909A-AACE0DE74DD8}.Debug|Any CPU.ActiveCfg = Debug|Any CPU
		{B1712B21-9706-4ED7-909A-AACE0DE74DD8}.Debug|Any CPU.Build.0 = Debug|Any CPU
		{B1712B21-9706-4ED7-909A-AACE0DE74DD8}.Release|Any CPU.ActiveCfg = Release|Any CPU
		{B1712B21-9706-4ED7-909A-AACE0DE74DD8}.Release|Any CPU.Build.0 = Release|Any CPU
	EndGlobalSection
	GlobalSection(SolutionProperties) = preSolution
		HideSolutionNode = FALSE
	EndGlobalSection
	GlobalSection(ExtensibilityGlobals) = postSolution
		SolutionGuid = {F4487198-1F75-4B34-88CE-651241260528}
	EndGlobalSection
EndGlobal
